
Microsoft Visual Studio Solution File, Format Version 12.00
# Visual Studio 14
VisualStudioVersion = 14.0.25420.1
MinimumVisualStudioVersion = 10.0.40219.1
Project("{FAE04EC0-301F-11D3-BF4B-00C04F79EFBC}") = "RestDemoApplication", "RestDemoApplication\RestDemoApplication.csproj", "{19156F0C-8BB8-41E7-BB1E-302900D3D12C}"
EndProject
Project("{FAE04EC0-301F-11D3-BF4B-00C04F79EFBC}") = "Avalara.CommsPlatform.Api.Models", "Avalara.CommsPlatform.Api.Models\Avalara.CommsPlatform.Api.Models.csproj", "{53BF953D-F402-48C2-9A26-12FD7C8F442B}"
EndProject
Project("{FAE04EC0-301F-11D3-BF4B-00C04F79EFBC}") = "Avalara.CommsPlatform.Api.Client", "Avalara.CommsPlatform.Api.Client\Avalara.CommsPlatform.Api.Client.csproj", "{24F2E076-A043-4783-88E7-6F0C59112AA4}"
EndProject
Global
	GlobalSection(SolutionConfigurationPlatforms) = preSolution
		Debug|Any CPU = Debug|Any CPU
		Release|Any CPU = Release|Any CPU
	EndGlobalSection
	GlobalSection(ProjectConfigurationPlatforms) = postSolution
		{19156F0C-8BB8-41E7-BB1E-302900D3D12C}.Debug|Any CPU.ActiveCfg = Debug|Any CPU
		{19156F0C-8BB8-41E7-BB1E-302900D3D12C}.Debug|Any CPU.Build.0 = Debug|Any CPU
		{19156F0C-8BB8-41E7-BB1E-302900D3D12C}.Release|Any CPU.ActiveCfg = Release|Any CPU
		{19156F0C-8BB8-41E7-BB1E-302900D3D12C}.Release|Any CPU.Build.0 = Release|Any CPU
		{53BF953D-F402-48C2-9A26-12FD7C8F442B}.Debug|Any CPU.ActiveCfg = Debug|Any CPU
		{53BF953D-F402-48C2-9A26-12FD7C8F442B}.Debug|Any CPU.Build.0 = Debug|Any CPU
		{53BF953D-F402-48C2-9A26-12FD7C8F442B}.Release|Any CPU.ActiveCfg = Release|Any CPU
		{53BF953D-F402-48C2-9A26-12FD7C8F442B}.Release|Any CPU.Build.0 = Release|Any CPU
		{24F2E076-A043-4783-88E7-6F0C59112AA4}.Debug|Any CPU.ActiveCfg = Debug|Any CPU
		{24F2E076-A043-4783-88E7-6F0C59112AA4}.Debug|Any CPU.Build.0 = Debug|Any CPU
		{24F2E076-A043-4783-88E7-6F0C59112AA4}.Release|Any CPU.ActiveCfg = Release|Any CPU
		{24F2E076-A043-4783-88E7-6F0C59112AA4}.Release|Any CPU.Build.0 = Release|Any CPU
	EndGlobalSection
	GlobalSection(SolutionProperties) = preSolution
		HideSolutionNode = FALSE
	EndGlobalSection
EndGlobal
